
Microsoft Visual Studio Solution File, Format Version 12.00
# Visual Studio Version 17
VisualStudioVersion = 17.4.33403.182
MinimumVisualStudioVersion = 10.0.40219.1
Project("{9A19103F-16F7-4668-BE54-9A1E7A4F7556}") = "PowerPlantMapAPI", "PowerPlantMapAPI\PowerPlantMapAPI.csproj", "{DD97F66D-4DB7-427F-BE0C-B80A9B0DC7F6}"
EndProject
Project("{9A19103F-16F7-4668-BE54-9A1E7A4F7556}") = "PowerPlantMapAPI.Tests", "PowerPlantMapAPI.Tests\PowerPlantMapAPI.Tests.csproj", "{6D982BD0-A308-4E1D-8B5A-A1615B3BDFE7}"
EndProject
Global
	GlobalSection(SolutionConfigurationPlatforms) = preSolution
		Debug|Any CPU = Debug|Any CPU
		Release|Any CPU = Release|Any CPU
	EndGlobalSection
	GlobalSection(ProjectConfigurationPlatforms) = postSolution
		{DD97F66D-4DB7-427F-BE0C-B80A9B0DC7F6}.Debug|Any CPU.ActiveCfg = Debug|Any CPU
		{DD97F66D-4DB7-427F-BE0C-B80A9B0DC7F6}.Debug|Any CPU.Build.0 = Debug|Any CPU
		{DD97F66D-4DB7-427F-BE0C-B80A9B0DC7F6}.Release|Any CPU.ActiveCfg = Release|Any CPU
		{DD97F66D-4DB7-427F-BE0C-B80A9B0DC7F6}.Release|Any CPU.Build.0 = Release|Any CPU
		{6D982BD0-A308-4E1D-8B5A-A1615B3BDFE7}.Debug|Any CPU.ActiveCfg = Debug|Any CPU
		{6D982BD0-A308-4E1D-8B5A-A1615B3BDFE7}.Debug|Any CPU.Build.0 = Debug|Any CPU
		{6D982BD0-A308-4E1D-8B5A-A1615B3BDFE7}.Release|Any CPU.ActiveCfg = Release|Any CPU
		{6D982BD0-A308-4E1D-8B5A-A1615B3BDFE7}.Release|Any CPU.Build.0 = Release|Any CPU
	EndGlobalSection
	GlobalSection(SolutionProperties) = preSolution
		HideSolutionNode = FALSE
	EndGlobalSection
	GlobalSection(ExtensibilityGlobals) = postSolution
		SolutionGuid = {844ED273-78C0-4AC4-9F51-10A7BFE663BB}
	EndGlobalSection
EndGlobal
